dependencies:
  espressif/mdns:
    component_hash: 3ba256ac95e07c274be53cbd73f06cb846c403b61e8fbdf1be57bdb79db7a63e
    dependencies:
    - name: idf
      require: private
      version: '>=5.0'
    source:
      registry_url: https://components.espressif.com/
      type: service
    version: 1.12.0
  idf:
    source:
      type: idf
    version: 6.1.0
direct_dependencies:
- espressif/mdns
manifest_hash: 527e5db2fc494b74d9876feef38224e89fa39554a4a186cd280535d375e22a19
target: esp32
version: 3.0.0
